{
  "name": "eboom",
  "lockfileVersion": 3,
  "requires": true,
  "packages": {
    "": {
      "dependencies": {
        "@fullcalendar/timegrid": "^6.1.21"
      }
    },
    "node_modules/@fullcalendar/core": {
      "version": "6.1.21",
      "resolved": "https://registry.npmjs.org/@fullcalendar/core/-/core-6.1.21.tgz",
      "integrity": "sha512-t3u/+sqh3Iq7TWtUnVLcGDUE6OWZh0UD3c04bI/l7lSLAgAKr3kngBmhHiQD1QXpwC8ZN5iNqG7a7gOVixhSKQ==",
      "license": "MIT",
      "peer": true,
      "dependencies": {
        "preact": "~10.12.1"
      }
    },
    "node_modules/@fullcalendar/daygrid": {
      "version": "6.1.21",
      "resolved": "https://registry.npmjs.org/@fullcalendar/daygrid/-/daygrid-6.1.21.tgz",
      "integrity": "sha512-QYb1y40RGYLlOxKpYWg8O+7njEnKnFG8Tt7qjnubJGR35s1phQg67E+81y2TyAbbm59p2JFOCXGDk9t6KDujIA==",
      "license": "MIT",
      "peerDependencies": {
        "@fullcalendar/core": "~6.1.21"
      }
    },
    "node_modules/@fullcalendar/timegrid": {
      "version": "6.1.21",
      "resolved": "https://registry.npmjs.org/@fullcalendar/timegrid/-/timegrid-6.1.21.tgz",
      "integrity": "sha512-2DnShx/jallGmb8QCkr6pAOu/zuPhJrP7+uTrAtSnbqsX7GF3lTxqSeNGkTQwsgF5g/ia8udhQ+JNYaE+TN1cQ==",
      "license": "MIT",
      "dependencies": {
        "@fullcalendar/daygrid": "~6.1.21"
      },
      "peerDependencies": {
        "@fullcalendar/core": "~6.1.21"
      }
    },
    "node_modules/preact": {
      "version": "10.12.1",
      "resolved": "https://registry.npmjs.org/preact/-/preact-10.12.1.tgz",
      "integrity": "sha512-l8386ixSsBdbreOAkqtrwqHwdvR35ID8c3rKPa8lCWuO86dBi32QWHV4vfsZK1utLLFMvw+Z5Ad4XLkZzchscg==",
      "license": "MIT",
      "peer": true,
      "funding": {
        "type": "opencollective",
        "url": "https://opencollective.com/preact"
      }
    }
  }
}
